
Microsoft Visual Studio Solution File, Format Version 12.00
# Visual Studio Version 17
VisualStudioVersion = 17.13.35931.197 d17.13
MinimumVisualStudioVersion = 10.0.40219.1
Project("{FAE04EC0-301F-11D3-BF4B-00C04F79EFBC}") = "LiveServerTime", "LiveServerTime\LiveServerTime.csproj", "{8B3F152F-357A-4E06-B613-2EE60E3D888C}"
EndProject
Global
	GlobalSection(SolutionConfigurationPlatforms) = preSolution
		Debug|Any CPU = Debug|Any CPU
		Release|Any CPU = Release|Any CPU
	EndGlobalSection
	GlobalSection(ProjectConfigurationPlatforms) = postSolution
		{8B3F152F-357A-4E06-B613-2EE60E3D888C}.Debug|Any CPU.ActiveCfg = Debug|Any CPU
		{8B3F152F-357A-4E06-B613-2EE60E3D888C}.Debug|Any CPU.Build.0 = Debug|Any CPU
		{8B3F152F-357A-4E06-B613-2EE60E3D888C}.Release|Any CPU.ActiveCfg = Release|Any CPU
		{8B3F152F-357A-4E06-B613-2EE60E3D888C}.Release|Any CPU.Build.0 = Release|Any CPU
	EndGlobalSection
	GlobalSection(SolutionProperties) = preSolution
		HideSolutionNode = FALSE
	EndGlobalSection
	GlobalSection(ExtensibilityGlobals) = postSolution
		SolutionGuid = {54A6A7D3-A9C2-4003-B0D6-E4E7C38CD34A}
	EndGlobalSection
EndGlobal
