
Microsoft Visual Studio Solution File, Format Version 12.00
# Visual Studio Version 17
VisualStudioVersion = 17.13.35931.197 d17.13
MinimumVisualStudioVersion = 10.0.40219.1
Project("{FAE04EC0-301F-11D3-BF4B-00C04F79EFBC}") = "ConsoleAppArraySubmission", "ConsoleAppArraySubmission\ConsoleAppArraySubmission.csproj", "{99BC9D0D-B387-4A04-BB82-FBE2D13EA1C5}"
EndProject
Global
	GlobalSection(SolutionConfigurationPlatforms) = preSolution
		Debug|Any CPU = Debug|Any CPU
		Release|Any CPU = Release|Any CPU
	EndGlobalSection
	GlobalSection(ProjectConfigurationPlatforms) = postSolution
		{99BC9D0D-B387-4A04-BB82-FBE2D13EA1C5}.Debug|Any CPU.ActiveCfg = Debug|Any CPU
		{99BC9D0D-B387-4A04-BB82-FBE2D13EA1C5}.Debug|Any CPU.Build.0 = Debug|Any CPU
		{99BC9D0D-B387-4A04-BB82-FBE2D13EA1C5}.Release|Any CPU.ActiveCfg = Release|Any CPU
		{99BC9D0D-B387-4A04-BB82-FBE2D13EA1C5}.Release|Any CPU.Build.0 = Release|Any CPU
	EndGlobalSection
	GlobalSection(SolutionProperties) = preSolution
		HideSolutionNode = FALSE
	EndGlobalSection
	GlobalSection(ExtensibilityGlobals) = postSolution
		SolutionGuid = {83B5CE1E-491A-4334-B9B5-42B44B7AC333}
	EndGlobalSection
EndGlobal
